// !$*UTF8*$!
{
	archiveVersion = 1;
	classes = {
	};
	objectVersion = 56;
	objects = {

/* Begin PBXBuildFile section */
		0BEDB850F5B68C6E323FFF0C /* Pods_DopamineFriendsTests.framework in Frameworks */ = {isa = PBXBuildFile; fileRef = A8AF428B214CA9FD5678E6CA /* Pods_DopamineFriendsTests.framework */; };
		4AC9901284121888AC308477 /* Pods_DopamineFriends_DopamineFriendsUITests.framework in Frameworks */ = {isa = PBXBuildFile; fileRef = 6AB129AF5953D16F1D83C622 /* Pods_DopamineFriends_DopamineFriendsUITests.framework */; };
		E413169E2D5BFFDE00A7C72D /* PrivyManager.swift in Sources */ = {isa = PBXBuildFile; fileRef = E413169D2D5BFFDE00A7C72D /* PrivyManager.swift */; };
		E44DF0392D67EE4200161380 /* Privy in Frameworks */ = {isa = PBXBuildFile; productRef = E44DF0382D67EE4200161380 /* Privy */; };
		E45AF7912D6D043500731ECC /* Environment.swift in Sources */ = {isa = PBXBuildFile; fileRef = E45AF7902D6D043500731ECC /* Environment.swift */; };
		E47DF3E92D61EA74009743EC /* RadioButtonHelper.swift in Sources */ = {isa = PBXBuildFile; fileRef = E47DF3E82D61EA74009743EC /* RadioButtonHelper.swift */; };
		E4B5C1572D6B1E33002F8EB2 /* GoogleService-Info.plist in Resources */ = {isa = PBXBuildFile; fileRef = E4B5C1562D6B1E33002F8EB2 /* GoogleService-Info.plist */; };
		E4B5C15B2D6B221D002F8EB2 /* CreateBettingView.swift in Sources */ = {isa = PBXBuildFile; fileRef = E4B5C15A2D6B221D002F8EB2 /* CreateBettingView.swift */; };
		E4C47BBA2D6BD8A600CA055F /* SolanaSwift in Frameworks */ = {isa = PBXBuildFile; productRef = E4C47BB92D6BD8A600CA055F /* SolanaSwift */; };
		E4D54C492D650F8E006AEACA /* ProfileView.swift in Sources */ = {isa = PBXBuildFile; fileRef = E4D54C482D650F8E006AEACA /* ProfileView.swift */; };
		E4F5E2002D5920A8004061D1 /* DopamineFriendsApp.swift in Sources */ = {isa = PBXBuildFile; fileRef = E4F5E1FF2D5920A8004061D1 /* DopamineFriendsApp.swift */; };
		E4F5E2022D5920A8004061D1 /* ContentView.swift in Sources */ = {isa = PBXBuildFile; fileRef = E4F5E2012D5920A8004061D1 /* ContentView.swift */; };
		E4F5E2042D5920A9004061D1 /* Assets.xcassets in Resources */ = {isa = PBXBuildFile; fileRef = E4F5E2032D5920A9004061D1 /* Assets.xcassets */; };
		E4F5E2072D5920A9004061D1 /* Preview Assets.xcassets in Resources */ = {isa = PBXBuildFile; fileRef = E4F5E2062D5920A9004061D1 /* Preview Assets.xcassets */; };
		E4F5E2112D5920A9004061D1 /* DopamineFriendsTests.swift in Sources */ = {isa = PBXBuildFile; fileRef = E4F5E2102D5920A9004061D1 /* DopamineFriendsTests.swift */; };
		E4F5E21B2D5920A9004061D1 /* DopamineFriendsUITests.swift in Sources */ = {isa = PBXBuildFile; fileRef = E4F5E21A2D5920A9004061D1 /* DopamineFriendsUITests.swift */; };
		E4F5E21D2D5920A9004061D1 /* DopamineFriendsUITestsLaunchTests.swift in Sources */ = {isa = PBXBuildFile; fileRef = E4F5E21C2D5920A9004061D1 /* DopamineFriendsUITestsLaunchTests.swift */; };
		E4F5E22D2D5920EE004061D1 /* FirebaseCore in Frameworks */ = {isa = PBXBuildFile; productRef = E4F5E22C2D5920EE004061D1 /* FirebaseCore */; };
		E4F5E22F2D5920F2004061D1 /* FirebaseFirestore in Frameworks */ = {isa = PBXBuildFile; productRef = E4F5E22E2D5920F2004061D1 /* FirebaseFirestore */; };
		E4F5E2342D592221004061D1 /* LoginView.swift in Sources */ = {isa = PBXBuildFile; fileRef = E4F5E2332D592221004061D1 /* LoginView.swift */; };
		F650CA962D5FF797008A09BD /* BettingDetailView.swift in Sources */ = {isa = PBXBuildFile; fileRef = F650CA952D5FF797008A09BD /* BettingDetailView.swift */; };
		F69D2CA62D666FAB0038AF69 /* BettingListView.swift in Sources */ = {isa = PBXBuildFile; fileRef = F69D2CA52D666FAB0038AF69 /* BettingListView.swift */; };
/* End PBXBuildFile section */

/* Begin PBXContainerItemProxy section */
		E4F5E20D2D5920A9004061D1 /* PBXContainerItemProxy */ = {
			isa = PBXContainerItemProxy;
			containerPortal = E4F5E1F42D5920A8004061D1 /* Project object */;
			proxyType = 1;
			remoteGlobalIDString = E4F5E1FB2D5920A8004061D1;
			remoteInfo = DopamineFriends;
		};
		E4F5E2172D5920A9004061D1 /* PBXContainerItemProxy */ = {
			isa = PBXContainerItemProxy;
			containerPortal = E4F5E1F42D5920A8004061D1 /* Project object */;
			proxyType = 1;
			remoteGlobalIDString = E4F5E1FB2D5920A8004061D1;
			remoteInfo = DopamineFriends;
		};
/* End PBXContainerItemProxy section */

/* Begin PBXFileReference section */
		3C5D2FF8031B8A9D268D0289 /* Pods-DopamineFriendsTests.debug.xcconfig */ = {isa = PBXFileReference; includeInIndex = 1; lastKnownFileType = text.xcconfig; name = "Pods-DopamineFriendsTests.debug.xcconfig"; path = "Target Support Files/Pods-DopamineFriendsTests/Pods-DopamineFriendsTests.debug.xcconfig"; sourceTree = "<group>"; };
		6AB129AF5953D16F1D83C622 /* Pods_DopamineFriends_DopamineFriendsUITests.framework */ = {isa = PBXFileReference; explicitFileType = wrapper.framework; includeInIndex = 0; path = Pods_DopamineFriends_DopamineFriendsUITests.framework; sourceTree = BUILT_PRODUCTS_DIR; };
		7E058651A2E2063A441F7FCD /* Pods-DopamineFriends.release.xcconfig */ = {isa = PBXFileReference; includeInIndex = 1; lastKnownFileType = text.xcconfig; name = "Pods-DopamineFriends.release.xcconfig"; path = "Target Support Files/Pods-DopamineFriends/Pods-DopamineFriends.release.xcconfig"; sourceTree = "<group>"; };
		936C888883F8DAFD20467338 /* Pods-DopamineFriends-DopamineFriendsUITests.debug.xcconfig */ = {isa = PBXFileReference; includeInIndex = 1; lastKnownFileType = text.xcconfig; name = "Pods-DopamineFriends-DopamineFriendsUITests.debug.xcconfig"; path = "Target Support Files/Pods-DopamineFriends-DopamineFriendsUITests/Pods-DopamineFriends-DopamineFriendsUITests.debug.xcconfig"; sourceTree = "<group>"; };
		94394E7C056DBE6735ADFCA6 /* Pods-DopamineFriends-DopamineFriendsUITests.release.xcconfig */ = {isa = PBXFileReference; includeInIndex = 1; lastKnownFileType = text.xcconfig; name = "Pods-DopamineFriends-DopamineFriendsUITests.release.xcconfig"; path = "Target Support Files/Pods-DopamineFriends-DopamineFriendsUITests/Pods-DopamineFriends-DopamineFriendsUITests.release.xcconfig"; sourceTree = "<group>"; };
		9E0E2F8C0304C7F8B8E1DC36 /* Pods_DopamineFriends.framework */ = {isa = PBXFileReference; explicitFileType = wrapper.framework; includeInIndex = 0; path = Pods_DopamineFriends.framework; sourceTree = BUILT_PRODUCTS_DIR; };
		A22CCC53FE54CDF348C9D6FE /* Pods-DopamineFriends.debug.xcconfig */ = {isa = PBXFileReference; includeInIndex = 1; lastKnownFileType = text.xcconfig; name = "Pods-DopamineFriends.debug.xcconfig"; path = "Target Support Files/Pods-DopamineFriends/Pods-DopamineFriends.debug.xcconfig"; sourceTree = "<group>"; };
		A46CEF8F69DE115332D02E25 /* Pods-DopamineFriendsTests.release.xcconfig */ = {isa = PBXFileReference; includeInIndex = 1; lastKnownFileType = text.xcconfig; name = "Pods-DopamineFriendsTests.release.xcconfig"; path = "Target Support Files/Pods-DopamineFriendsTests/Pods-DopamineFriendsTests.release.xcconfig"; sourceTree = "<group>"; };
		A8AF428B214CA9FD5678E6CA /* Pods_DopamineFriendsTests.framework */ = {isa = PBXFileReference; explicitFileType = wrapper.framework; includeInIndex = 0; path = Pods_DopamineFriendsTests.framework; sourceTree = BUILT_PRODUCTS_DIR; };
		E413169D2D5BFFDE00A7C72D /* PrivyManager.swift */ = {isa = PBXFileReference; lastKnownFileType = sourcecode.swift; path = PrivyManager.swift; sourceTree = "<group>"; };
		E45AF7902D6D043500731ECC /* Environment.swift */ = {isa = PBXFileReference; lastKnownFileType = sourcecode.swift; path = Environment.swift; sourceTree = "<group>"; };
		E47DF3E82D61EA74009743EC /* RadioButtonHelper.swift */ = {isa = PBXFileReference; lastKnownFileType = sourcecode.swift; path = RadioButtonHelper.swift; sourceTree = "<group>"; };
		E4B5C1562D6B1E33002F8EB2 /* GoogleService-Info.plist */ = {isa = PBXFileReference; fileEncoding = 4; lastKnownFileType = text.plist.xml; path = "GoogleService-Info.plist"; sourceTree = "<group>"; };
		E4B5C15A2D6B221D002F8EB2 /* CreateBettingView.swift */ = {isa = PBXFileReference; lastKnownFileType = sourcecode.swift; path = CreateBettingView.swift; sourceTree = "<group>"; };
		E4D54C482D650F8E006AEACA /* ProfileView.swift */ = {isa = PBXFileReference; lastKnownFileType = sourcecode.swift; path = ProfileView.swift; sourceTree = "<group>"; };
		E4F5E1FC2D5920A8004061D1 /* DopamineFriends.app */ = {isa = PBXFileReference; explicitFileType = wrapper.application; includeInIndex = 0; path = DopamineFriends.app; sourceTree = BUILT_PRODUCTS_DIR; };
		E4F5E1FF2D5920A8004061D1 /* DopamineFriendsApp.swift */ = {isa = PBXFileReference; lastKnownFileType = sourcecode.swift; path = DopamineFriendsApp.swift; sourceTree = "<group>"; };
		E4F5E2012D5920A8004061D1 /* ContentView.swift */ = {isa = PBXFileReference; lastKnownFileType = sourcecode.swift; path = ContentView.swift; sourceTree = "<group>"; };
		E4F5E2032D5920A9004061D1 /* Assets.xcassets */ = {isa = PBXFileReference; lastKnownFileType = folder.assetcatalog; path = Assets.xcassets; sourceTree = "<group>"; };
		E4F5E2062D5920A9004061D1 /* Preview Assets.xcassets */ = {isa = PBXFileReference; lastKnownFileType = folder.assetcatalog; path = "Preview Assets.xcassets"; sourceTree = "<group>"; };
		E4F5E20C2D5920A9004061D1 /* DopamineFriendsTests.xctest */ = {isa = PBXFileReference; explicitFileType = wrapper.cfbundle; includeInIndex = 0; path = DopamineFriendsTests.xctest; sourceTree = BUILT_PRODUCTS_DIR; };
		E4F5E2102D5920A9004061D1 /* DopamineFriendsTests.swift */ = {isa = PBXFileReference; lastKnownFileType = sourcecode.swift; path = DopamineFriendsTests.swift; sourceTree = "<group>"; };
		E4F5E2162D5920A9004061D1 /* DopamineFriendsUITests.xctest */ = {isa = PBXFileReference; explicitFileType = wrapper.cfbundle; includeInIndex = 0; path = DopamineFriendsUITests.xctest; sourceTree = BUILT_PRODUCTS_DIR; };
		E4F5E21A2D5920A9004061D1 /* DopamineFriendsUITests.swift */ = {isa = PBXFileReference; lastKnownFileType = sourcecode.swift; path = DopamineFriendsUITests.swift; sourceTree = "<group>"; };
		E4F5E21C2D5920A9004061D1 /* DopamineFriendsUITestsLaunchTests.swift */ = {isa = PBXFileReference; lastKnownFileType = sourcecode.swift; path = DopamineFriendsUITestsLaunchTests.swift; sourceTree = "<group>"; };
		E4F5E2332D592221004061D1 /* LoginView.swift */ = {isa = PBXFileReference; lastKnownFileType = sourcecode.swift; path = LoginView.swift; sourceTree = "<group>"; };
		F650CA952D5FF797008A09BD /* BettingDetailView.swift */ = {isa = PBXFileReference; lastKnownFileType = sourcecode.swift; path = BettingDetailView.swift; sourceTree = "<group>"; };
		F69D2CA52D666FAB0038AF69 /* BettingListView.swift */ = {isa = PBXFileReference; lastKnownFileType = sourcecode.swift; path = BettingListView.swift; sourceTree = "<group>"; };
/* End PBXFileReference section */

/* Begin PBXFrameworksBuildPhase section */
		E4F5E1F92D5920A8004061D1 /* Frameworks */ = {
			isa = PBXFrameworksBuildPhase;
			buildActionMask = 2147483647;
			files = (
				E44DF0392D67EE4200161380 /* Privy in Frameworks */,
				E4F5E22D2D5920EE004061D1 /* FirebaseCore in Frameworks */,
				E4C47BBA2D6BD8A600CA055F /* SolanaSwift in Frameworks */,
				E4F5E22F2D5920F2004061D1 /* FirebaseFirestore in Frameworks */,
			);
			runOnlyForDeploymentPostprocessing = 0;
		};
		E4F5E2092D5920A9004061D1 /* Frameworks */ = {
			isa = PBXFrameworksBuildPhase;
			buildActionMask = 2147483647;
			files = (
				0BEDB850F5B68C6E323FFF0C /* Pods_DopamineFriendsTests.framework in Frameworks */,
			);
			runOnlyForDeploymentPostprocessing = 0;
		};
		E4F5E2132D5920A9004061D1 /* Frameworks */ = {
			isa = PBXFrameworksBuildPhase;
			buildActionMask = 2147483647;
			files = (
				4AC9901284121888AC308477 /* Pods_DopamineFriends_DopamineFriendsUITests.framework in Frameworks */,
			);
			runOnlyForDeploymentPostprocessing = 0;
		};
/* End PBXFrameworksBuildPhase section */

/* Begin PBXGroup section */
		9A8EF6952A1AB27C6AB8FC55 /* Pods */ = {
			isa = PBXGroup;
			children = (
				A22CCC53FE54CDF348C9D6FE /* Pods-DopamineFriends.debug.xcconfig */,
				7E058651A2E2063A441F7FCD /* Pods-DopamineFriends.release.xcconfig */,
				936C888883F8DAFD20467338 /* Pods-DopamineFriends-DopamineFriendsUITests.debug.xcconfig */,
				94394E7C056DBE6735ADFCA6 /* Pods-DopamineFriends-DopamineFriendsUITests.release.xcconfig */,
				3C5D2FF8031B8A9D268D0289 /* Pods-DopamineFriendsTests.debug.xcconfig */,
				A46CEF8F69DE115332D02E25 /* Pods-DopamineFriendsTests.release.xcconfig */,
			);
			path = Pods;
			sourceTree = "<group>";
		};
		E47DF3E72D61EA64009743EC /* Helper */ = {
			isa = PBXGroup;
			children = (
				E47DF3E82D61EA74009743EC /* RadioButtonHelper.swift */,
			);
			path = Helper;
			sourceTree = "<group>";
		};
		E4D54C4D2D65120F006AEACA /* ViewModels */ = {
			isa = PBXGroup;
			children = (
			);
			path = ViewModels;
			sourceTree = "<group>";
		};
		E4F5E1F32D5920A8004061D1 = {
			isa = PBXGroup;
			children = (
				E4F5E1FE2D5920A8004061D1 /* DopamineFriends */,
				E4F5E20F2D5920A9004061D1 /* DopamineFriendsTests */,
				E4F5E2192D5920A9004061D1 /* DopamineFriendsUITests */,
				E4F5E1FD2D5920A8004061D1 /* Products */,
				E4F5E22B2D5920EE004061D1 /* Frameworks */,
				9A8EF6952A1AB27C6AB8FC55 /* Pods */,
			);
			sourceTree = "<group>";
		};
		E4F5E1FD2D5920A8004061D1 /* Products */ = {
			isa = PBXGroup;
			children = (
				E4F5E1FC2D5920A8004061D1 /* DopamineFriends.app */,
				E4F5E20C2D5920A9004061D1 /* DopamineFriendsTests.xctest */,
				E4F5E2162D5920A9004061D1 /* DopamineFriendsUITests.xctest */,
			);
			name = Products;
			sourceTree = "<group>";
		};
		E4F5E1FE2D5920A8004061D1 /* DopamineFriends */ = {
			isa = PBXGroup;
			children = (
				E4D54C4D2D65120F006AEACA /* ViewModels */,
				E4F5E2322D592212004061D1 /* Views */,
				E4F5E1FF2D5920A8004061D1 /* DopamineFriendsApp.swift */,
				E4F5E2012D5920A8004061D1 /* ContentView.swift */,
				E4D54C482D650F8E006AEACA /* ProfileView.swift */,
				E4B5C1562D6B1E33002F8EB2 /* GoogleService-Info.plist */,
				F650CA952D5FF797008A09BD /* BettingDetailView.swift */,
				E4F5E2032D5920A9004061D1 /* Assets.xcassets */,
				E4F5E2052D5920A9004061D1 /* Preview Content */,
				E413169D2D5BFFDE00A7C72D /* PrivyManager.swift */,
				E45AF7902D6D043500731ECC /* Environment.swift */,
				E4B5C15A2D6B221D002F8EB2 /* CreateBettingView.swift */,
				F69D2CA52D666FAB0038AF69 /* BettingListView.swift */,
			);
			path = DopamineFriends;
			sourceTree = "<group>";
		};
		E4F5E2052D5920A9004061D1 /* Preview Content */ = {
			isa = PBXGroup;
			children = (
				E4F5E2062D5920A9004061D1 /* Preview Assets.xcassets */,
			);
			path = "Preview Content";
			sourceTree = "<group>";
		};
		E4F5E20F2D5920A9004061D1 /* DopamineFriendsTests */ = {
			isa = PBXGroup;
			children = (
				E4F5E2102D5920A9004061D1 /* DopamineFriendsTests.swift */,
			);
			path = DopamineFriendsTests;
			sourceTree = "<group>";
		};
		E4F5E2192D5920A9004061D1 /* DopamineFriendsUITests */ = {
			isa = PBXGroup;
			children = (
				E4F5E21A2D5920A9004061D1 /* DopamineFriendsUITests.swift */,
				E4F5E21C2D5920A9004061D1 /* DopamineFriendsUITestsLaunchTests.swift */,
			);
			path = DopamineFriendsUITests;
			sourceTree = "<group>";
		};
		E4F5E22B2D5920EE004061D1 /* Frameworks */ = {
			isa = PBXGroup;
			children = (
				9E0E2F8C0304C7F8B8E1DC36 /* Pods_DopamineFriends.framework */,
				6AB129AF5953D16F1D83C622 /* Pods_DopamineFriends_DopamineFriendsUITests.framework */,
				A8AF428B214CA9FD5678E6CA /* Pods_DopamineFriendsTests.framework */,
			);
			name = Frameworks;
			sourceTree = "<group>";
		};
		E4F5E2322D592212004061D1 /* Views */ = {
			isa = PBXGroup;
			children = (
				E47DF3E72D61EA64009743EC /* Helper */,
				E4F5E2332D592221004061D1 /* LoginView.swift */,
			);
			path = Views;
			sourceTree = "<group>";
		};
/* End PBXGroup section */

/* Begin PBXNativeTarget section */
		E4F5E1FB2D5920A8004061D1 /* DopamineFriends */ = {
			isa = PBXNativeTarget;
			buildConfigurationList = E4F5E2202D5920A9004061D1 /* Build configuration list for PBXNativeTarget "DopamineFriends" */;
			buildPhases = (
				60BB3D2B253953CDCB8537D6 /* [CP] Check Pods Manifest.lock */,
				E4F5E1F82D5920A8004061D1 /* Sources */,
				E4F5E1F92D5920A8004061D1 /* Frameworks */,
				E4F5E1FA2D5920A8004061D1 /* Resources */,
			);
			buildRules = (
			);
			dependencies = (
			);
			name = DopamineFriends;
			packageProductDependencies = (
				E4F5E22C2D5920EE004061D1 /* FirebaseCore */,
				E4F5E22E2D5920F2004061D1 /* FirebaseFirestore */,
				E44DF0382D67EE4200161380 /* Privy */,
				E4C47BB92D6BD8A600CA055F /* SolanaSwift */,
			);
			productName = DopamineFriends;
			productReference = E4F5E1FC2D5920A8004061D1 /* DopamineFriends.app */;
			productType = "com.apple.product-type.application";
		};
		E4F5E20B2D5920A9004061D1 /* DopamineFriendsTests */ = {
			isa = PBXNativeTarget;
			buildConfigurationList = E4F5E2232D5920A9004061D1 /* Build configuration list for PBXNativeTarget "DopamineFriendsTests" */;
			buildPhases = (
				3D0B239C82250AD0524ADB88 /* [CP] Check Pods Manifest.lock */,
				E4F5E2082D5920A9004061D1 /* Sources */,
				E4F5E2092D5920A9004061D1 /* Frameworks */,
				E4F5E20A2D5920A9004061D1 /* Resources */,
			);
			buildRules = (
			);
			dependencies = (
				E4F5E20E2D5920A9004061D1 /* PBXTargetDependency */,
			);
			name = DopamineFriendsTests;
			productName = DopamineFriendsTests;
			productReference = E4F5E20C2D5920A9004061D1 /* DopamineFriendsTests.xctest */;
			productType = "com.apple.product-type.bundle.unit-test";
		};
		E4F5E2152D5920A9004061D1 /* DopamineFriendsUITests */ = {
			isa = PBXNativeTarget;
			buildConfigurationList = E4F5E2262D5920A9004061D1 /* Build configuration list for PBXNativeTarget "DopamineFriendsUITests" */;
			buildPhases = (
				D3E08FC01044D8269531FD7A /* [CP] Check Pods Manifest.lock */,
				E4F5E2122D5920A9004061D1 /* Sources */,
				E4F5E2132D5920A9004061D1 /* Frameworks */,
				E4F5E2142D5920A9004061D1 /* Resources */,
			);
			buildRules = (
			);
			dependencies = (
				E4F5E2182D5920A9004061D1 /* PBXTargetDependency */,
			);
			name = DopamineFriendsUITests;
			productName = DopamineFriendsUITests;
			productReference = E4F5E2162D5920A9004061D1 /* DopamineFriendsUITests.xctest */;
			productType = "com.apple.product-type.bundle.ui-testing";
		};
/* End PBXNativeTarget section */

/* Begin PBXProject section */
		E4F5E1F42D5920A8004061D1 /* Project object */ = {
			isa = PBXProject;
			attributes = {
				BuildIndependentTargetsInParallel = 1;
				LastSwiftUpdateCheck = 1540;
				LastUpgradeCheck = 1540;
				TargetAttributes = {
					E4F5E1FB2D5920A8004061D1 = {
						CreatedOnToolsVersion = 15.4;
					};
					E4F5E20B2D5920A9004061D1 = {
						CreatedOnToolsVersion = 15.4;
						TestTargetID = E4F5E1FB2D5920A8004061D1;
					};
					E4F5E2152D5920A9004061D1 = {
						CreatedOnToolsVersion = 15.4;
						TestTargetID = E4F5E1FB2D5920A8004061D1;
					};
				};
			};
			buildConfigurationList = E4F5E1F72D5920A8004061D1 /* Build configuration list for PBXProject "DopamineFriends" */;
			compatibilityVersion = "Xcode 14.0";
			developmentRegion = en;
			hasScannedForEncodings = 0;
			knownRegions = (
				en,
				Base,
			);
			mainGroup = E4F5E1F32D5920A8004061D1;
			packageReferences = (
				E4F5E22A2D5920E5004061D1 /* XCRemoteSwiftPackageReference "firebase-ios-sdk" */,
				E443A87D2D67EDB400FBE303 /* XCRemoteSwiftPackageReference "privy-ios" */,
				E4C47BB82D6BD87300CA055F /* XCRemoteSwiftPackageReference "solana-swift" */,
			);
			productRefGroup = E4F5E1FD2D5920A8004061D1 /* Products */;
			projectDirPath = "";
			projectRoot = "";
			targets = (
				E4F5E1FB2D5920A8004061D1 /* DopamineFriends */,
				E4F5E20B2D5920A9004061D1 /* DopamineFriendsTests */,
				E4F5E2152D5920A9004061D1 /* DopamineFriendsUITests */,
			);
		};
/* End PBXProject section */

/* Begin PBXResourcesBuildPhase section */
		E4F5E1FA2D5920A8004061D1 /* Resources */ = {
			isa = PBXResourcesBuildPhase;
			buildActionMask = 2147483647;
			files = (
				E4F5E2072D5920A9004061D1 /* Preview Assets.xcassets in Resources */,
				E4F5E2042D5920A9004061D1 /* Assets.xcassets in Resources */,
				E4B5C1572D6B1E33002F8EB2 /* GoogleService-Info.plist in Resources */,
			);
			runOnlyForDeploymentPostprocessing = 0;
		};
		E4F5E20A2D5920A9004061D1 /* Resources */ = {
			isa = PBXResourcesBuildPhase;
			buildActionMask = 2147483647;
			files = (
			);
			runOnlyForDeploymentPostprocessing = 0;
		};
		E4F5E2142D5920A9004061D1 /* Resources */ = {
			isa = PBXResourcesBuildPhase;
			buildActionMask = 2147483647;
			files = (
			);
			runOnlyForDeploymentPostprocessing = 0;
		};
/* End PBXResourcesBuildPhase section */

/* Begin PBXShellScriptBuildPhase section */
		3D0B239C82250AD0524ADB88 /* [CP] Check Pods Manifest.lock */ = {
			isa = PBXShellScriptBuildPhase;
			buildActionMask = 2147483647;
			files = (
			);
			inputFileListPaths = (
			);
			inputPaths = (
				"${PODS_PODFILE_DIR_PATH}/Podfile.lock",
				"${PODS_ROOT}/Manifest.lock",
			);
			name = "[CP] Check Pods Manifest.lock";
			outputFileListPaths = (
			);
			outputPaths = (
				"$(DERIVED_FILE_DIR)/Pods-DopamineFriendsTests-checkManifestLockResult.txt",
			);
			runOnlyForDeploymentPostprocessing = 0;
			shellPath = /bin/sh;
			shellScript = "diff \"${PODS_PODFILE_DIR_PATH}/Podfile.lock\" \"${PODS_ROOT}/Manifest.lock\" > /dev/null\nif [ $? != 0 ] ; then\n    # print error to STDERR\n    echo \"error: The sandbox is not in sync with the Podfile.lock. Run 'pod install' or update your CocoaPods installation.\" >&2\n    exit 1\nfi\n# This output is used by Xcode 'outputs' to avoid re-running this script phase.\necho \"SUCCESS\" > \"${SCRIPT_OUTPUT_FILE_0}\"\n";
			showEnvVarsInLog = 0;
		};
		60BB3D2B253953CDCB8537D6 /* [CP] Check Pods Manifest.lock */ = {
			isa = PBXShellScriptBuildPhase;
			buildActionMask = 2147483647;
			files = (
			);
			inputFileListPaths = (
			);
			inputPaths = (
				"${PODS_PODFILE_DIR_PATH}/Podfile.lock",
				"${PODS_ROOT}/Manifest.lock",
			);
			name = "[CP] Check Pods Manifest.lock";
			outputFileListPaths = (
			);
			outputPaths = (
				"$(DERIVED_FILE_DIR)/Pods-DopamineFriends-checkManifestLockResult.txt",
			);
			runOnlyForDeploymentPostprocessing = 0;
			shellPath = /bin/sh;
			shellScript = "diff \"${PODS_PODFILE_DIR_PATH}/Podfile.lock\" \"${PODS_ROOT}/Manifest.lock\" > /dev/null\nif [ $? != 0 ] ; then\n    # print error to STDERR\n    echo \"error: The sandbox is not in sync with the Podfile.lock. Run 'pod install' or update your CocoaPods installation.\" >&2\n    exit 1\nfi\n# This output is used by Xcode 'outputs' to avoid re-running this script phase.\necho \"SUCCESS\" > \"${SCRIPT_OUTPUT_FILE_0}\"\n";
			showEnvVarsInLog = 0;
		};
		D3E08FC01044D8269531FD7A /* [CP] Check Pods Manifest.lock */ = {
			isa = PBXShellScriptBuildPhase;
			buildActionMask = 2147483647;
			files = (
			);
			inputFileListPaths = (
			);
			inputPaths = (
				"${PODS_PODFILE_DIR_PATH}/Podfile.lock",
				"${PODS_ROOT}/Manifest.lock",
			);
			name = "[CP] Check Pods Manifest.lock";
			outputFileListPaths = (
			);
			outputPaths = (
				"$(DERIVED_FILE_DIR)/Pods-DopamineFriends-DopamineFriendsUITests-checkManifestLockResult.txt",
			);
			runOnlyForDeploymentPostprocessing = 0;
			shellPath = /bin/sh;
			shellScript = "diff \"${PODS_PODFILE_DIR_PATH}/Podfile.lock\" \"${PODS_ROOT}/Manifest.lock\" > /dev/null\nif [ $? != 0 ] ; then\n    # print error to STDERR\n    echo \"error: The sandbox is not in sync with the Podfile.lock. Run 'pod install' or update your CocoaPods installation.\" >&2\n    exit 1\nfi\n# This output is used by Xcode 'outputs' to avoid re-running this script phase.\necho \"SUCCESS\" > \"${SCRIPT_OUTPUT_FILE_0}\"\n";
			showEnvVarsInLog = 0;
		};
/* End PBXShellScriptBuildPhase section */

/* Begin PBXSourcesBuildPhase section */
		E4F5E1F82D5920A8004061D1 /* Sources */ = {
			isa = PBXSourcesBuildPhase;
			buildActionMask = 2147483647;
			files = (
				E4F5E2342D592221004061D1 /* LoginView.swift in Sources */,
				E47DF3E92D61EA74009743EC /* RadioButtonHelper.swift in Sources */,
				F650CA962D5FF797008A09BD /* BettingDetailView.swift in Sources */,
				E4F5E2022D5920A8004061D1 /* ContentView.swift in Sources */,
				E413169E2D5BFFDE00A7C72D /* PrivyManager.swift in Sources */,
				E4B5C15B2D6B221D002F8EB2 /* CreateBettingView.swift in Sources */,
				E4D54C492D650F8E006AEACA /* ProfileView.swift in Sources */,
				E45AF7912D6D043500731ECC /* Environment.swift in Sources */,
				E4F5E2002D5920A8004061D1 /* DopamineFriendsApp.swift in Sources */,
				F69D2CA62D666FAB0038AF69 /* BettingListView.swift in Sources */,
			);
			runOnlyForDeploymentPostprocessing = 0;
		};
		E4F5E2082D5920A9004061D1 /* Sources */ = {
			isa = PBXSourcesBuildPhase;
			buildActionMask = 2147483647;
			files = (
				E4F5E2112D5920A9004061D1 /* DopamineFriendsTests.swift in Sources */,
			);
			runOnlyForDeploymentPostprocessing = 0;
		};
		E4F5E2122D5920A9004061D1 /* Sources */ = {
			isa = PBXSourcesBuildPhase;
			buildActionMask = 2147483647;
			files = (
				E4F5E21B2D5920A9004061D1 /* DopamineFriendsUITests.swift in Sources */,
				E4F5E21D2D5920A9004061D1 /* DopamineFriendsUITestsLaunchTests.swift in Sources */,
			);
			runOnlyForDeploymentPostprocessing = 0;
		};
/* End PBXSourcesBuildPhase section */

/* Begin PBXTargetDependency section */
		E4F5E20E2D5920A9004061D1 /* PBXTargetDependency */ = {
			isa = PBXTargetDependency;
			target = E4F5E1FB2D5920A8004061D1 /* DopamineFriends */;
			targetProxy = E4F5E20D2D5920A9004061D1 /* PBXContainerItemProxy */;
		};
		E4F5E2182D5920A9004061D1 /* PBXTargetDependency */ = {
			isa = PBXTargetDependency;
			target = E4F5E1FB2D5920A8004061D1 /* DopamineFriends */;
			targetProxy = E4F5E2172D5920A9004061D1 /* PBXContainerItemProxy */;
		};
/* End PBXTargetDependency section */

/* Begin XCBuildConfiguration section */
		E4F5E21E2D5920A9004061D1 /* Debug */ = {
			isa = XCBuildConfiguration;
			buildSettings = {
				ALWAYS_SEARCH_USER_PATHS = NO;
				ASSETCATALOG_COMPILER_GENERATE_SWIFT_ASSET_SYMBOL_EXTENSIONS = YES;
				CLANG_ANALYZER_NONNULL = YES;
				CLANG_ANALYZER_NUMBER_OBJECT_CONVERSION = YES_AGGRESSIVE;
				CLANG_CXX_LANGUAGE_STANDARD = "gnu++20";
				CLANG_ENABLE_MODULES = YES;
				CLANG_ENABLE_OBJC_ARC = YES;
				CLANG_ENABLE_OBJC_WEAK = YES;
				CLANG_WARN_BLOCK_CAPTURE_AUTORELEASING = YES;
				CLANG_WARN_BOOL_CONVERSION = YES;
				CLANG_WARN_COMMA = YES;
				CLANG_WARN_CONSTANT_CONVERSION = YES;
				CLANG_WARN_DEPRECATED_OBJC_IMPLEMENTATIONS = YES;
				CLANG_WARN_DIRECT_OBJC_ISA_USAGE = YES_ERROR;
				CLANG_WARN_DOCUMENTATION_COMMENTS = YES;
				CLANG_WARN_EMPTY_BODY = YES;
				CLANG_WARN_ENUM_CONVERSION = YES;
				CLANG_WARN_INFINITE_RECURSION = YES;
				CLANG_WARN_INT_CONVERSION = YES;
				CLANG_WARN_NON_LITERAL_NULL_CONVERSION = YES;
				CLANG_WARN_OBJC_IMPLICIT_RETAIN_SELF = YES;
				CLANG_WARN_OBJC_LITERAL_CONVERSION = YES;
				CLANG_WARN_OBJC_ROOT_CLASS = YES_ERROR;
				CLANG_WARN_QUOTED_INCLUDE_IN_FRAMEWORK_HEADER = YES;
				CLANG_WARN_RANGE_LOOP_ANALYSIS = YES;
				CLANG_WARN_STRICT_PROTOTYPES = YES;
				CLANG_WARN_SUSPICIOUS_MOVE = YES;
				CLANG_WARN_UNGUARDED_AVAILABILITY = YES_AGGRESSIVE;
				CLANG_WARN_UNREACHABLE_CODE = YES;
				CLANG_WARN__DUPLICATE_METHOD_MATCH = YES;
				COPY_PHASE_STRIP = NO;
				DEBUG_INFORMATION_FORMAT = dwarf;
				ENABLE_STRICT_OBJC_MSGSEND = YES;
				ENABLE_TESTABILITY = YES;
				ENABLE_USER_SCRIPT_SANDBOXING = YES;
				GCC_C_LANGUAGE_STANDARD = gnu17;
				GCC_DYNAMIC_NO_PIC = NO;
				GCC_NO_COMMON_BLOCKS = YES;
				GCC_OPTIMIZATION_LEVEL = 0;
				GCC_PREPROCESSOR_DEFINITIONS = (
					"DEBUG=1",
					"$(inherited)",
				);
				GCC_WARN_64_TO_32_BIT_CONVERSION = YES;
				GCC_WARN_ABOUT_RETURN_TYPE = YES_ERROR;
				GCC_WARN_UNDECLARED_SELECTOR = YES;
				GCC_WARN_UNINITIALIZED_AUTOS = YES_AGGRESSIVE;
				GCC_WARN_UNUSED_FUNCTION = YES;
				GCC_WARN_UNUSED_VARIABLE = YES;
				IPHONEOS_DEPLOYMENT_TARGET = 17.5;
				LOCALIZATION_PREFERS_STRING_CATALOGS = YES;
				MTL_ENABLE_DEBUG_INFO = INCLUDE_SOURCE;
				MTL_FAST_MATH = YES;
				ONLY_ACTIVE_ARCH = YES;
				SDKROOT = iphoneos;
				SWIFT_ACTIVE_COMPILATION_CONDITIONS = "DEBUG $(inherited)";
				SWIFT_OPTIMIZATION_LEVEL = "-Onone";
			};
			name = Debug;
		};
		E4F5E21F2D5920A9004061D1 /* Release */ = {
			isa = XCBuildConfiguration;
			buildSettings = {
				ALWAYS_SEARCH_USER_PATHS = NO;
				ASSETCATALOG_COMPILER_GENERATE_SWIFT_ASSET_SYMBOL_EXTENSIONS = YES;
				CLANG_ANALYZER_NONNULL = YES;
				CLANG_ANALYZER_NUMBER_OBJECT_CONVERSION = YES_AGGRESSIVE;
				CLANG_CXX_LANGUAGE_STANDARD = "gnu++20";
				CLANG_ENABLE_MODULES = YES;
				CLANG_ENABLE_OBJC_ARC = YES;
				CLANG_ENABLE_OBJC_WEAK = YES;
				CLANG_WARN_BLOCK_CAPTURE_AUTORELEASING = YES;
				CLANG_WARN_BOOL_CONVERSION = YES;
				CLANG_WARN_COMMA = YES;
				CLANG_WARN_CONSTANT_CONVERSION = YES;
				CLANG_WARN_DEPRECATED_OBJC_IMPLEMENTATIONS = YES;
				CLANG_WARN_DIRECT_OBJC_ISA_USAGE = YES_ERROR;
				CLANG_WARN_DOCUMENTATION_COMMENTS = YES;
				CLANG_WARN_EMPTY_BODY = YES;
				CLANG_WARN_ENUM_CONVERSION = YES;
				CLANG_WARN_INFINITE_RECURSION = YES;
				CLANG_WARN_INT_CONVERSION = YES;
				CLANG_WARN_NON_LITERAL_NULL_CONVERSION = YES;
				CLANG_WARN_OBJC_IMPLICIT_RETAIN_SELF = YES;
				CLANG_WARN_OBJC_LITERAL_CONVERSION = YES;
				CLANG_WARN_OBJC_ROOT_CLASS = YES_ERROR;
				CLANG_WARN_QUOTED_INCLUDE_IN_FRAMEWORK_HEADER = YES;
				CLANG_WARN_RANGE_LOOP_ANALYSIS = YES;
				CLANG_WARN_STRICT_PROTOTYPES = YES;
				CLANG_WARN_SUSPICIOUS_MOVE = YES;
				CLANG_WARN_UNGUARDED_AVAILABILITY = YES_AGGRESSIVE;
				CLANG_WARN_UNREACHABLE_CODE = YES;
				CLANG_WARN__DUPLICATE_METHOD_MATCH = YES;
				COPY_PHASE_STRIP = NO;
				DEBUG_INFORMATION_FORMAT = "dwarf-with-dsym";
				ENABLE_NS_ASSERTIONS = NO;
				ENABLE_STRICT_OBJC_MSGSEND = YES;
				ENABLE_USER_SCRIPT_SANDBOXING = YES;
				GCC_C_LANGUAGE_STANDARD = gnu17;
				GCC_NO_COMMON_BLOCKS = YES;
				GCC_WARN_64_TO_32_BIT_CONVERSION = YES;
				GCC_WARN_ABOUT_RETURN_TYPE = YES_ERROR;
				GCC_WARN_UNDECLARED_SELECTOR = YES;
				GCC_WARN_UNINITIALIZED_AUTOS = YES_AGGRESSIVE;
				GCC_WARN_UNUSED_FUNCTION = YES;
				GCC_WARN_UNUSED_VARIABLE = YES;
				IPHONEOS_DEPLOYMENT_TARGET = 17.5;
				LOCALIZATION_PREFERS_STRING_CATALOGS = YES;
				MTL_ENABLE_DEBUG_INFO = NO;
				MTL_FAST_MATH = YES;
				SDKROOT = iphoneos;
				SWIFT_COMPILATION_MODE = wholemodule;
				VALIDATE_PRODUCT = YES;
			};
			name = Release;
		};
		E4F5E2212D5920A9004061D1 /* Debug */ = {
			isa = XCBuildConfiguration;
			baseConfigurationReference = A22CCC53FE54CDF348C9D6FE /* Pods-DopamineFriends.debug.xcconfig */;
			buildSettings = {
				ASSETCATALOG_COMPILER_APPICON_NAME = AppIcon;
				ASSETCATALOG_COMPILER_GLOBAL_ACCENT_COLOR_NAME = AccentColor;
				CODE_SIGN_STYLE = Automatic;
				CURRENT_PROJECT_VERSION = 1;
				DEVELOPMENT_ASSET_PATHS = "\"DopamineFriends/Preview Content\"";
				DEVELOPMENT_TEAM = A7ZUN45X83;
				ENABLE_PREVIEWS = YES;
				GENERATE_INFOPLIST_FILE = YES;
				INFOPLIST_FILE = DopamineFriends/Info.plist;
				INFOPLIST_KEY_UIApplicationSceneManifest_Generation = YES;
				INFOPLIST_KEY_UIApplicationSupportsIndirectInputEvents = YES;
				INFOPLIST_KEY_UILaunchScreen_Generation = YES;
				INFOPLIST_KEY_UISupportedInterfaceOrientations_iPad = "UIInterfaceOrientationPortrait UIInterfaceOrientationPortraitUpsideDown UIInterfaceOrientationLandscapeLeft UIInterfaceOrientationLandscapeRight";
				INFOPLIST_KEY_UISupportedInterfaceOrientations_iPhone = "UIInterfaceOrientationPortrait UIInterfaceOrientationLandscapeLeft UIInterfaceOrientationLandscapeRight";
				LD_RUNPATH_SEARCH_PATHS = (
					"$(inherited)",
					"@executable_path/Frameworks",
				);
				MARKETING_VERSION = 1.0;
				PRODUCT_BUNDLE_IDENTIFIER = io.kimkim.DopamineFriends;
				PRODUCT_NAME = "$(TARGET_NAME)";
				SWIFT_EMIT_LOC_STRINGS = YES;
				SWIFT_VERSION = 5.0;
				TARGETED_DEVICE_FAMILY = "1,2";
			};
			name = Debug;
		};
		E4F5E2222D5920A9004061D1 /* Release */ = {
			isa = XCBuildConfiguration;
			baseConfigurationReference = 7E058651A2E2063A441F7FCD /* Pods-DopamineFriends.release.xcconfig */;
			buildSettings = {
				ASSETCATALOG_COMPILER_APPICON_NAME = AppIcon;
				ASSETCATALOG_COMPILER_GLOBAL_ACCENT_COLOR_NAME = AccentColor;
				CODE_SIGN_STYLE = Automatic;
				CURRENT_PROJECT_VERSION = 1;
				DEVELOPMENT_ASSET_PATHS = "\"DopamineFriends/Preview Content\"";
				DEVELOPMENT_TEAM = A7ZUN45X83;
				ENABLE_PREVIEWS = YES;
				GENERATE_INFOPLIST_FILE = YES;
				INFOPLIST_FILE = DopamineFriends/Info.plist;
				INFOPLIST_KEY_UIApplicationSceneManifest_Generation = YES;
				INFOPLIST_KEY_UIApplicationSupportsIndirectInputEvents = YES;
				INFOPLIST_KEY_UILaunchScreen_Generation = YES;
				INFOPLIST_KEY_UISupportedInterfaceOrientations_iPad = "UIInterfaceOrientationPortrait UIInterfaceOrientationPortraitUpsideDown UIInterfaceOrientationLandscapeLeft UIInterfaceOrientationLandscapeRight";
				INFOPLIST_KEY_UISupportedInterfaceOrientations_iPhone = "UIInterfaceOrientationPortrait UIInterfaceOrientationLandscapeLeft UIInterfaceOrientationLandscapeRight";
				LD_RUNPATH_SEARCH_PATHS = (
					"$(inherited)",
					"@executable_path/Frameworks",
				);
				MARKETING_VERSION = 1.0;
				PRODUCT_BUNDLE_IDENTIFIER = io.kimkim.DopamineFriends;
				PRODUCT_NAME = "$(TARGET_NAME)";
				SWIFT_EMIT_LOC_STRINGS = YES;
				SWIFT_VERSION = 5.0;
				TARGETED_DEVICE_FAMILY = "1,2";
			};
			name = Release;
		};
		E4F5E2242D5920A9004061D1 /* Debug */ = {
			isa = XCBuildConfiguration;
			baseConfigurationReference = 3C5D2FF8031B8A9D268D0289 /* Pods-DopamineFriendsTests.debug.xcconfig */;
			buildSettings = {
				ALWAYS_EMBED_SWIFT_STANDARD_LIBRARIES = YES;
				BUNDLE_LOADER = "$(TEST_HOST)";
				CODE_SIGN_STYLE = Automatic;
				CURRENT_PROJECT_VERSION = 1;
				GENERATE_INFOPLIST_FILE = YES;
				IPHONEOS_DEPLOYMENT_TARGET = 17.5;
				MARKETING_VERSION = 1.0;
				PRODUCT_BUNDLE_IDENTIFIER = io.kimkim.DopamineFriendsTests;
				PRODUCT_NAME = "$(TARGET_NAME)";
				SWIFT_EMIT_LOC_STRINGS = NO;
				SWIFT_VERSION = 5.0;
				TARGETED_DEVICE_FAMILY = "1,2";
				TEST_HOST = "$(BUILT_PRODUCTS_DIR)/DopamineFriends.app/$(BUNDLE_EXECUTABLE_FOLDER_PATH)/DopamineFriends";
			};
			name = Debug;
		};
		E4F5E2252D5920A9004061D1 /* Release */ = {
			isa = XCBuildConfiguration;
			baseConfigurationReference = A46CEF8F69DE115332D02E25 /* Pods-DopamineFriendsTests.release.xcconfig */;
			buildSettings = {
				ALWAYS_EMBED_SWIFT_STANDARD_LIBRARIES = YES;
				BUNDLE_LOADER = "$(TEST_HOST)";
				CODE_SIGN_STYLE = Automatic;
				CURRENT_PROJECT_VERSION = 1;
				GENERATE_INFOPLIST_FILE = YES;
				IPHONEOS_DEPLOYMENT_TARGET = 17.5;
				MARKETING_VERSION = 1.0;
				PRODUCT_BUNDLE_IDENTIFIER = io.kimkim.DopamineFriendsTests;
				PRODUCT_NAME = "$(TARGET_NAME)";
				SWIFT_EMIT_LOC_STRINGS = NO;
				SWIFT_VERSION = 5.0;
				TARGETED_DEVICE_FAMILY = "1,2";
				TEST_HOST = "$(BUILT_PRODUCTS_DIR)/DopamineFriends.app/$(BUNDLE_EXECUTABLE_FOLDER_PATH)/DopamineFriends";
			};
			name = Release;
		};
		E4F5E2272D5920A9004061D1 /* Debug */ = {
			isa = XCBuildConfiguration;
			baseConfigurationReference = 936C888883F8DAFD20467338 /* Pods-DopamineFriends-DopamineFriendsUITests.debug.xcconfig */;
			buildSettings = {
				ALWAYS_EMBED_SWIFT_STANDARD_LIBRARIES = YES;
				CODE_SIGN_STYLE = Automatic;
				CURRENT_PROJECT_VERSION = 1;
				GENERATE_INFOPLIST_FILE = YES;
				MARKETING_VERSION = 1.0;
				PRODUCT_BUNDLE_IDENTIFIER = io.kimkim.DopamineFriendsUITests;
				PRODUCT_NAME = "$(TARGET_NAME)";
				SWIFT_EMIT_LOC_STRINGS = NO;
				SWIFT_VERSION = 5.0;
				TARGETED_DEVICE_FAMILY = "1,2";
				TEST_TARGET_NAME = DopamineFriends;
			};
			name = Debug;
		};
		E4F5E2282D5920A9004061D1 /* Release */ = {
			isa = XCBuildConfiguration;
			baseConfigurationReference = 94394E7C056DBE6735ADFCA6 /* Pods-DopamineFriends-DopamineFriendsUITests.release.xcconfig */;
			buildSettings = {
				ALWAYS_EMBED_SWIFT_STANDARD_LIBRARIES = YES;
				CODE_SIGN_STYLE = Automatic;
				CURRENT_PROJECT_VERSION = 1;
				GENERATE_INFOPLIST_FILE = YES;
				MARKETING_VERSION = 1.0;
				PRODUCT_BUNDLE_IDENTIFIER = io.kimkim.DopamineFriendsUITests;
				PRODUCT_NAME = "$(TARGET_NAME)";
				SWIFT_EMIT_LOC_STRINGS = NO;
				SWIFT_VERSION = 5.0;
				TARGETED_DEVICE_FAMILY = "1,2";
				TEST_TARGET_NAME = DopamineFriends;
			};
			name = Release;
		};
/* End XCBuildConfiguration section */

/* Begin XCConfigurationList section */
		E4F5E1F72D5920A8004061D1 /* Build configuration list for PBXProject "DopamineFriends" */ = {
			isa = XCConfigurationList;
			buildConfigurations = (
				E4F5E21E2D5920A9004061D1 /* Debug */,
				E4F5E21F2D5920A9004061D1 /* Release */,
			);
			defaultConfigurationIsVisible = 0;
			defaultConfigurationName = Release;
		};
		E4F5E2202D5920A9004061D1 /* Build configuration list for PBXNativeTarget "DopamineFriends" */ = {
			isa = XCConfigurationList;
			buildConfigurations = (
				E4F5E2212D5920A9004061D1 /* Debug */,
				E4F5E2222D5920A9004061D1 /* Release */,
			);
			defaultConfigurationIsVisible = 0;
			defaultConfigurationName = Release;
		};
		E4F5E2232D5920A9004061D1 /* Build configuration list for PBXNativeTarget "DopamineFriendsTests" */ = {
			isa = XCConfigurationList;
			buildConfigurations = (
				E4F5E2242D5920A9004061D1 /* Debug */,
				E4F5E2252D5920A9004061D1 /* Release */,
			);
			defaultConfigurationIsVisible = 0;
			defaultConfigurationName = Release;
		};
		E4F5E2262D5920A9004061D1 /* Build configuration list for PBXNativeTarget "DopamineFriendsUITests" */ = {
			isa = XCConfigurationList;
			buildConfigurations = (
				E4F5E2272D5920A9004061D1 /* Debug */,
				E4F5E2282D5920A9004061D1 /* Release */,
			);
			defaultConfigurationIsVisible = 0;
			defaultConfigurationName = Release;
		};
/* End XCConfigurationList section */

/* Begin XCRemoteSwiftPackageReference section */
		E443A87D2D67EDB400FBE303 /* XCRemoteSwiftPackageReference "privy-ios" */ = {
			isa = XCRemoteSwiftPackageReference;
			repositoryURL = "https://github.com/privy-io/privy-ios";
			requirement = {
				kind = upToNextMajorVersion;
				minimumVersion = 1.8.1;
			};
		};
		E4C47BB82D6BD87300CA055F /* XCRemoteSwiftPackageReference "solana-swift" */ = {
			isa = XCRemoteSwiftPackageReference;
			repositoryURL = "https://github.com/wookkim1031/solana-swift";
			requirement = {
				branch = main;
				kind = branch;
			};
		};
		E4F5E22A2D5920E5004061D1 /* XCRemoteSwiftPackageReference "firebase-ios-sdk" */ = {
			isa = XCRemoteSwiftPackageReference;
			repositoryURL = "https://github.com/firebase/firebase-ios-sdk";
			requirement = {
				kind = upToNextMajorVersion;
				minimumVersion = 11.8.1;
			};
		};
/* End XCRemoteSwiftPackageReference section */

/* Begin XCSwiftPackageProductDependency section */
		E44DF0382D67EE4200161380 /* Privy */ = {
			isa = XCSwiftPackageProductDependency;
			package = E443A87D2D67EDB400FBE303 /* XCRemoteSwiftPackageReference "privy-ios" */;
			productName = Privy;
		};
		E4C47BB92D6BD8A600CA055F /* SolanaSwift */ = {
			isa = XCSwiftPackageProductDependency;
			package = E4C47BB82D6BD87300CA055F /* XCRemoteSwiftPackageReference "solana-swift" */;
			productName = SolanaSwift;
		};
		E4F5E22C2D5920EE004061D1 /* FirebaseCore */ = {
			isa = XCSwiftPackageProductDependency;
			package = E4F5E22A2D5920E5004061D1 /* XCRemoteSwiftPackageReference "firebase-ios-sdk" */;
			productName = FirebaseCore;
		};
		E4F5E22E2D5920F2004061D1 /* FirebaseFirestore */ = {
			isa = XCSwiftPackageProductDependency;
			package = E4F5E22A2D5920E5004061D1 /* XCRemoteSwiftPackageReference "firebase-ios-sdk" */;
			productName = FirebaseFirestore;
		};
/* End XCSwiftPackageProductDependency section */
	};
	rootObject = E4F5E1F42D5920A8004061D1 /* Project object */;
}
